
Microsoft Visual Studio Solution File, Format Version 12.00
# Visual Studio 16
Project("{FAE04EC0-301F-11D3-BF4B-00C04F79EFBC}") = "Assembly-CSharp", "Assembly-CSharp.csproj", "{1A96854D-D591-59D0-B676-446C86F87392}"
EndProject
Project("{FAE04EC0-301F-11D3-BF4B-00C04F79EFBC}") = "Assembly-CSharp-Editor", "Assembly-CSharp-Editor.csproj", "{9B5ECD0A-8E40-12D2-F909-9DB3B458AD82}"
EndProject
Global
	GlobalSection(SolutionConfigurationPlatforms) = preSolution
		Debug|Any CPU = Debug|Any CPU
		Release|Any CPU = Release|Any CPU
	EndGlobalSection
	GlobalSection(ProjectConfigurationPlatforms) = postSolution
		{1A96854D-D591-59D0-B676-446C86F87392}.Debug|Any CPU.ActiveCfg = Debug|Any CPU
		{1A96854D-D591-59D0-B676-446C86F87392}.Debug|Any CPU.Build.0 = Debug|Any CPU
		{1A96854D-D591-59D0-B676-446C86F87392}.Release|Any CPU.ActiveCfg = Release|Any CPU
		{1A96854D-D591-59D0-B676-446C86F87392}.Release|Any CPU.Build.0 = Release|Any CPU
		{9B5ECD0A-8E40-12D2-F909-9DB3B458AD82}.Debug|Any CPU.ActiveCfg = Debug|Any CPU
		{9B5ECD0A-8E40-12D2-F909-9DB3B458AD82}.Debug|Any CPU.Build.0 = Debug|Any CPU
		{9B5ECD0A-8E40-12D2-F909-9DB3B458AD82}.Release|Any CPU.ActiveCfg = Release|Any CPU
		{9B5ECD0A-8E40-12D2-F909-9DB3B458AD82}.Release|Any CPU.Build.0 = Release|Any CPU
	EndGlobalSection
	GlobalSection(SolutionProperties) = preSolution
		HideSolutionNode = FALSE
	EndGlobalSection
EndGlobal
